<?xml version="1.0" encoding="utf-8"?>
<Project ToolsVersion="4.0" xmlns="http://schemas.microsoft.com/developer/msbuild/2003">
  <ItemGroup>
    <Filter Include="源文件">
      <UniqueIdentifier>{4FC737F1-C7A5-4376-A066-2A32D752A2FF}</UniqueIdentifier>
      <Extensions>cpp;c;cc;cxx;c++;cppm;ixx;def;odl;idl;hpj;bat;asm;asmx</Extensions>
    </Filter>
    <Filter Include="头文件">
      <UniqueIdentifier>{93995380-89BD-4b04-88EB-625FBE52EBFB}</UniqueIdentifier>
      <Extensions>h;hh;hpp;hxx;h++;hm;inl;inc;ipp;xsd</Extensions>
    </Filter>
    <Filter Include="资源文件">
      <UniqueIdentifier>{67DA6AB6-F800-4c08-8B7A-83BB121AAD01}</UniqueIdentifier>
      <Extensions>rc;ico;cur;bmp;dlg;rc2;rct;bin;rgs;gif;jpg;jpeg;jpe;resx;tiff;tif;png;wav;mfcribbon-ms</Extensions>
    </Filter>
  </ItemGroup>
  <ItemGroup>
    <ClInclude Include="Engine\Const.h">
      <Filter>头文件</Filter>
    </ClInclude>
    <ClInclude Include="Engine\UActorObject.h">
      <Filter>头文件</Filter>
    </ClInclude>
    <ClInclude Include="Engine\UComponent.h">
      <Filter>头文件</Filter>
    </ClInclude>
    <ClInclude Include="Engine\UEventDispatcher.h">
      <Filter>头文件</Filter>
    </ClInclude>
    <ClInclude Include="Engine\UGameMap.h">
      <Filter>头文件</Filter>
    </ClInclude>
    <ClInclude Include="Engine\UMessage.h">
      <Filter>头文件</Filter>
    </ClInclude>
    <ClInclude Include="Engine\UObject.h">
      <Filter>头文件</Filter>
    </ClInclude>
    <ClInclude Include="Engine\Utility.h">
      <Filter>头文件</Filter>
    </ClInclude>
    <ClInclude Include="Engine\UVector.h">
      <Filter>头文件</Filter>
    </ClInclude>
    <ClInclude Include="UWorld.h">
      <Filter>头文件</Filter>
    </ClInclude>
    <ClInclude Include="System\UMessageManager.h">
      <Filter>头文件</Filter>
    </ClInclude>
    <ClInclude Include="Role\monster.h">
      <Filter>头文件</Filter>
    </ClInclude>
    <ClInclude Include="Role\NPC.h">
      <Filter>头文件</Filter>
    </ClInclude>
    <ClInclude Include="Role\player.h">
      <Filter>头文件</Filter>
    </ClInclude>
    <ClInclude Include="Role\role.h">
      <Filter>头文件</Filter>
    </ClInclude>
    <ClInclude Include="Component\UFightComponent.h">
      <Filter>头文件</Filter>
    </ClInclude>
    <ClInclude Include="Component\UMovementComponent.h">
      <Filter>头文件</Filter>
    </ClInclude>
    <ClInclude Include="Engine\Delegate.h">
      <Filter>头文件</Filter>
    </ClInclude>
    <ClInclude Include="Csv\Csv.h">
      <Filter>头文件</Filter>
    </ClInclude>
    <ClInclude Include="Csv\QuestCsv.h">
      <Filter>头文件</Filter>
    </ClInclude>
    <ClInclude Include="System\UTalkManager.h">
      <Filter>头文件</Filter>
    </ClInclude>
    <ClInclude Include="thing\Heal.h">
      <Filter>头文件</Filter>
    </ClInclude>
    <ClInclude Include="thing\Thing.h">
      <Filter>头文件</Filter>
    </ClInclude>
    <ClInclude Include="thing\Weapon.h">
      <Filter>头文件</Filter>
    </ClInclude>
    <ClInclude Include="Component\UbagComponent.h">
      <Filter>头文件</Filter>
    </ClInclude>
    <ClInclude Include="UI\Ui.h">
      <Filter>头文件</Filter>
    </ClInclude>
    <ClInclude Include="System\UIManager.h">
      <Filter>头文件</Filter>
    </ClInclude>
    <ClInclude Include="Component\UMeshComponent.h">
      <Filter>头文件</Filter>
    </ClInclude>
    <ClInclude Include="Component\UTalkComponent.h">
      <Filter>头文件</Filter>
    </ClInclude>
    <ClInclude Include="Component\UDeliveryComponent.h">
      <Filter>头文件</Filter>
    </ClInclude>
    <ClInclude Include="Csv\RoleCsv.h">
      <Filter>头文件</Filter>
    </ClInclude>
    <ClInclude Include="System\UCsvManager.h">
      <Filter>头文件</Filter>
    </ClInclude>
    <ClInclude Include="Component\UStoryComponent.h">
      <Filter>头文件</Filter>
    </ClInclude>
  </ItemGroup>
  <ItemGroup>
    <ClCompile Include="Engine\UActorObject.cpp">
      <Filter>源文件</Filter>
    </ClCompile>
    <ClCompile Include="Engine\UComponent.cpp">
      <Filter>源文件</Filter>
    </ClCompile>
    <ClCompile Include="Engine\UEventDispatcher.cpp">
      <Filter>源文件</Filter>
    </ClCompile>
    <ClCompile Include="Engine\UGameMap.cpp">
      <Filter>源文件</Filter>
    </ClCompile>
    <ClCompile Include="Engine\UMessage.cpp">
      <Filter>源文件</Filter>
    </ClCompile>
    <ClCompile Include="Engine\UObject.cpp">
      <Filter>源文件</Filter>
    </ClCompile>
    <ClCompile Include="Engine\Utility.cpp">
      <Filter>源文件</Filter>
    </ClCompile>
    <ClCompile Include="Engine\UVector.cpp">
      <Filter>源文件</Filter>
    </ClCompile>
    <ClCompile Include="MudGame.cpp">
      <Filter>源文件</Filter>
    </ClCompile>
    <ClCompile Include="UWorld.cpp">
      <Filter>源文件</Filter>
    </ClCompile>
    <ClCompile Include="System\UMessageManager.cpp">
      <Filter>源文件</Filter>
    </ClCompile>
    <ClCompile Include="Component\UMovementComponent.cpp">
      <Filter>源文件</Filter>
    </ClCompile>
    <ClCompile Include="Csv\Csv.cpp">
      <Filter>源文件</Filter>
    </ClCompile>
    <ClCompile Include="Csv\QuestCsv.cpp">
      <Filter>源文件</Filter>
    </ClCompile>
    <ClCompile Include="System\UTalkManager.cpp">
      <Filter>源文件</Filter>
    </ClCompile>
    <ClCompile Include="thing\Heal.cpp">
      <Filter>源文件</Filter>
    </ClCompile>
    <ClCompile Include="thing\Thing.cpp">
      <Filter>源文件</Filter>
    </ClCompile>
    <ClCompile Include="thing\Weapon.cpp">
      <Filter>源文件</Filter>
    </ClCompile>
    <ClCompile Include="System\UIManager.cpp">
      <Filter>源文件</Filter>
    </ClCompile>
    <ClCompile Include="Component\UMeshComponent.cpp">
      <Filter>源文件</Filter>
    </ClCompile>
    <ClCompile Include="Component\UTalkComponent.cpp">
      <Filter>源文件</Filter>
    </ClCompile>
    <ClCompile Include="Component\UDeliveryComponent.cpp">
      <Filter>源文件</Filter>
    </ClCompile>
    <ClCompile Include="Csv\RoleCsv.cpp">
      <Filter>源文件</Filter>
    </ClCompile>
    <ClCompile Include="System\UCsvManager.cpp">
      <Filter>源文件</Filter>
    </ClCompile>
    <ClCompile Include="Component\UStoryComponent.cpp">
      <Filter>源文件</Filter>
    </ClCompile>
  </ItemGroup>
  <ItemGroup>
    <None Include="_" />
    <None Include="Csv\quest.csv" />
    <None Include="Csv\role.csv" />
  </ItemGroup>
</Project>